// !$*UTF8*$!
{
	archiveVersion = 1;
	classes = {
	};
	objectVersion = 56;
	objects = {

/* Begin PBXBuildFile section */
		093AA6932FE87C9800F9DF60 /* SkytellerApp.swift in Sources */ = {isa = PBXBuildFile; fileRef = 093AA6922FE87C9800F9DF60 /* SkytellerApp.swift */; };
		093AA6952FE87C9800F9DF60 /* ContentView.swift in Sources */ = {isa = PBXBuildFile; fileRef = 093AA6942FE87C9800F9DF60 /* ContentView.swift */; };
		093AA6972FE87C9A00F9DF60 /* Assets.xcassets in Resources */ = {isa = PBXBuildFile; fileRef = 093AA6962FE87C9A00F9DF60 /* Assets.xcassets */; };
		093AA69A2FE87C9A00F9DF60 /* Preview Assets.xcassets in Resources */ = {isa = PBXBuildFile; fileRef = 093AA6992FE87C9A00F9DF60 /* Preview Assets.xcassets */; };
		093AA69C2FE87C9A00F9DF60 /* Persistence.swift in Sources */ = {isa = PBXBuildFile; fileRef = 093AA69B2FE87C9A00F9DF60 /* Persistence.swift */; };
		093AA69F2FE87C9A00F9DF60 /* Skyteller.xcdatamodeld in Sources */ = {isa = PBXBuildFile; fileRef = 093AA69D2FE87C9A00F9DF60 /* Skyteller.xcdatamodeld */; };
		093AA6AF2FE8845C00F9DF60 /* WeatherResponse.swift in Sources */ = {isa = PBXBuildFile; fileRef = 093AA6AE2FE8845C00F9DF60 /* WeatherResponse.swift */; };
		093AA6B32FE8913100F9DF60 /* Local Services.swift in Sources */ = {isa = PBXBuildFile; fileRef = 093AA6B22FE8913100F9DF60 /* Local Services.swift */; };
		097548772FE92F9D00C49AD3 /* City+CoreDataClass.swift in Sources */ = {isa = PBXBuildFile; fileRef = 097548752FE92F9D00C49AD3 /* City+CoreDataClass.swift */; };
		097548782FE92F9D00C49AD3 /* City+CoreDataProperties.swift in Sources */ = {isa = PBXBuildFile; fileRef = 097548762FE92F9D00C49AD3 /* City+CoreDataProperties.swift */; };
/* End PBXBuildFile section */

/* Begin PBXFileReference section */
		093AA68F2FE87C9800F9DF60 /* Skyteller.app */ = {isa = PBXFileReference; explicitFileType = wrapper.application; includeInIndex = 0; path = Skyteller.app; sourceTree = BUILT_PRODUCTS_DIR; };
		093AA6922FE87C9800F9DF60 /* SkytellerApp.swift */ = {isa = PBXFileReference; lastKnownFileType = sourcecode.swift; path = SkytellerApp.swift; sourceTree = "<group>"; };
		093AA6942FE87C9800F9DF60 /* ContentView.swift */ = {isa = PBXFileReference; lastKnownFileType = sourcecode.swift; path = ContentView.swift; sourceTree = "<group>"; };
		093AA6962FE87C9A00F9DF60 /* Assets.xcassets */ = {isa = PBXFileReference; lastKnownFileType = folder.assetcatalog; path = Assets.xcassets; sourceTree = "<group>"; };
		093AA6992FE87C9A00F9DF60 /* Preview Assets.xcassets */ = {isa = PBXFileReference; lastKnownFileType = folder.assetcatalog; path = "Preview Assets.xcassets"; sourceTree = "<group>"; };
		093AA69B2FE87C9A00F9DF60 /* Persistence.swift */ = {isa = PBXFileReference; lastKnownFileType = sourcecode.swift; path = Persistence.swift; sourceTree = "<group>"; };
		093AA69E2FE87C9A00F9DF60 /* Skyteller.xcdatamodel */ = {isa = PBXFileReference; lastKnownFileType = wrapper.xcdatamodel; path = Skyteller.xcdatamodel; sourceTree = "<group>"; };
		093AA6AE2FE8845C00F9DF60 /* WeatherResponse.swift */ = {isa = PBXFileReference; lastKnownFileType = sourcecode.swift; path = WeatherResponse.swift; sourceTree = "<group>"; };
		093AA6B22FE8913100F9DF60 /* Local Services.swift */ = {isa = PBXFileReference; lastKnownFileType = sourcecode.swift; path = "Local Services.swift"; sourceTree = "<group>"; };
		097548752FE92F9D00C49AD3 /* City+CoreDataClass.swift */ = {isa = PBXFileReference; lastKnownFileType = sourcecode.swift; path = "City+CoreDataClass.swift"; sourceTree = "<group>"; };
		097548762FE92F9D00C49AD3 /* City+CoreDataProperties.swift */ = {isa = PBXFileReference; lastKnownFileType = sourcecode.swift; path = "City+CoreDataProperties.swift"; sourceTree = "<group>"; };
/* End PBXFileReference section */

/* Begin PBXFrameworksBuildPhase section */
		093AA68C2FE87C9800F9DF60 /* Frameworks */ = {
			isa = PBXFrameworksBuildPhase;
			buildActionMask = 2147483647;
			files = (
			);
			runOnlyForDeploymentPostprocessing = 0;
		};
/* End PBXFrameworksBuildPhase section */

/* Begin PBXGroup section */
		093AA6862FE87C9800F9DF60 = {
			isa = PBXGroup;
			children = (
				097548752FE92F9D00C49AD3 /* City+CoreDataClass.swift */,
				097548762FE92F9D00C49AD3 /* City+CoreDataProperties.swift */,
				093AA6912FE87C9800F9DF60 /* Skyteller */,
				093AA6902FE87C9800F9DF60 /* Products */,
			);
			sourceTree = "<group>";
		};
		093AA6902FE87C9800F9DF60 /* Products */ = {
			isa = PBXGroup;
			children = (
				093AA68F2FE87C9800F9DF60 /* Skyteller.app */,
			);
			name = Products;
			sourceTree = "<group>";
		};
		093AA6912FE87C9800F9DF60 /* Skyteller */ = {
			isa = PBXGroup;
			children = (
				093AA6AD2FE8838800F9DF60 /* Resources */,
				093AA6A72FE8832000F9DF60 /* Modules */,
				093AA6A62FE8831500F9DF60 /* Model */,
				093AA6A52FE8830100F9DF60 /* App */,
				093AA6982FE87C9A00F9DF60 /* Preview Content */,
			);
			path = Skyteller;
			sourceTree = "<group>";
		};
		093AA6982FE87C9A00F9DF60 /* Preview Content */ = {
			isa = PBXGroup;
			children = (
				093AA6992FE87C9A00F9DF60 /* Preview Assets.xcassets */,
			);
			path = "Preview Content";
			sourceTree = "<group>";
		};
		093AA6A52FE8830100F9DF60 /* App */ = {
			isa = PBXGroup;
			children = (
				093AA6922FE87C9800F9DF60 /* SkytellerApp.swift */,
			);
			path = App;
			sourceTree = "<group>";
		};
		093AA6A62FE8831500F9DF60 /* Model */ = {
			isa = PBXGroup;
			children = (
				093AA6A92FE8834600F9DF60 /* Services */,
				093AA6A82FE8833A00F9DF60 /* Entities */,
			);
			path = Model;
			sourceTree = "<group>";
		};
		093AA6A72FE8832000F9DF60 /* Modules */ = {
			isa = PBXGroup;
			children = (
				093AA6942FE87C9800F9DF60 /* ContentView.swift */,
			);
			path = Modules;
			sourceTree = "<group>";
		};
		093AA6A82FE8833A00F9DF60 /* Entities */ = {
			isa = PBXGroup;
			children = (
				093AA6AE2FE8845C00F9DF60 /* WeatherResponse.swift */,
			);
			path = Entities;
			sourceTree = "<group>";
		};
		093AA6A92FE8834600F9DF60 /* Services */ = {
			isa = PBXGroup;
			children = (
				093AA6AB2FE8836B00F9DF60 /* Remote */,
				093AA6AA2FE8834D00F9DF60 /* Local */,
			);
			path = Services;
			sourceTree = "<group>";
		};
		093AA6AA2FE8834D00F9DF60 /* Local */ = {
			isa = PBXGroup;
			children = (
				093AA69B2FE87C9A00F9DF60 /* Persistence.swift */,
				093AA6B22FE8913100F9DF60 /* Local Services.swift */,
			);
			path = Local;
			sourceTree = "<group>";
		};
		093AA6AB2FE8836B00F9DF60 /* Remote */ = {
			isa = PBXGroup;
			children = (
			);
			path = Remote;
			sourceTree = "<group>";
		};
		093AA6AD2FE8838800F9DF60 /* Resources */ = {
			isa = PBXGroup;
			children = (
				093AA69D2FE87C9A00F9DF60 /* Skyteller.xcdatamodeld */,
				093AA6962FE87C9A00F9DF60 /* Assets.xcassets */,
			);
			path = Resources;
			sourceTree = "<group>";
		};
/* End PBXGroup section */

/* Begin PBXNativeTarget section */
		093AA68E2FE87C9800F9DF60 /* Skyteller */ = {
			isa = PBXNativeTarget;
			buildConfigurationList = 093AA6A22FE87C9A00F9DF60 /* Build configuration list for PBXNativeTarget "Skyteller" */;
			buildPhases = (
				093AA68B2FE87C9800F9DF60 /* Sources */,
				093AA68C2FE87C9800F9DF60 /* Frameworks */,
				093AA68D2FE87C9800F9DF60 /* Resources */,
			);
			buildRules = (
			);
			dependencies = (
			);
			name = Skyteller;
			productName = Skyteller;
			productReference = 093AA68F2FE87C9800F9DF60 /* Skyteller.app */;
			productType = "com.apple.product-type.application";
		};
/* End PBXNativeTarget section */

/* Begin PBXProject section */
		093AA6872FE87C9800F9DF60 /* Project object */ = {
			isa = PBXProject;
			attributes = {
				BuildIndependentTargetsInParallel = 1;
				LastSwiftUpdateCheck = 1520;
				LastUpgradeCheck = 1520;
				TargetAttributes = {
					093AA68E2FE87C9800F9DF60 = {
						CreatedOnToolsVersion = 15.2;
					};
				};
			};
			buildConfigurationList = 093AA68A2FE87C9800F9DF60 /* Build configuration list for PBXProject "Skyteller" */;
			compatibilityVersion = "Xcode 14.0";
			developmentRegion = en;
			hasScannedForEncodings = 0;
			knownRegions = (
				en,
				Base,
			);
			mainGroup = 093AA6862FE87C9800F9DF60;
			productRefGroup = 093AA6902FE87C9800F9DF60 /* Products */;
			projectDirPath = "";
			projectRoot = "";
			targets = (
				093AA68E2FE87C9800F9DF60 /* Skyteller */,
			);
		};
/* End PBXProject section */

/* Begin PBXResourcesBuildPhase section */
		093AA68D2FE87C9800F9DF60 /* Resources */ = {
			isa = PBXResourcesBuildPhase;
			buildActionMask = 2147483647;
			files = (
				093AA69A2FE87C9A00F9DF60 /* Preview Assets.xcassets in Resources */,
				093AA6972FE87C9A00F9DF60 /* Assets.xcassets in Resources */,
			);
			runOnlyForDeploymentPostprocessing = 0;
		};
/* End PBXResourcesBuildPhase section */

/* Begin PBXSourcesBuildPhase section */
		093AA68B2FE87C9800F9DF60 /* Sources */ = {
			isa = PBXSourcesBuildPhase;
			buildActionMask = 2147483647;
			files = (
				093AA69C2FE87C9A00F9DF60 /* Persistence.swift in Sources */,
				093AA6AF2FE8845C00F9DF60 /* WeatherResponse.swift in Sources */,
				093AA6B32FE8913100F9DF60 /* Local Services.swift in Sources */,
				093AA69F2FE87C9A00F9DF60 /* Skyteller.xcdatamodeld in Sources */,
				097548782FE92F9D00C49AD3 /* City+CoreDataProperties.swift in Sources */,
				093AA6952FE87C9800F9DF60 /* ContentView.swift in Sources */,
				097548772FE92F9D00C49AD3 /* City+CoreDataClass.swift in Sources */,
				093AA6932FE87C9800F9DF60 /* SkytellerApp.swift in Sources */,
			);
			runOnlyForDeploymentPostprocessing = 0;
		};
/* End PBXSourcesBuildPhase section */

/* Begin XCBuildConfiguration section */
		093AA6A02FE87C9A00F9DF60 /* Debug */ = {
			isa = XCBuildConfiguration;
			buildSettings = {
				ALWAYS_SEARCH_USER_PATHS = NO;
				ASSETCATALOG_COMPILER_GENERATE_SWIFT_ASSET_SYMBOL_EXTENSIONS = YES;
				CLANG_ANALYZER_NONNULL = YES;
				CLANG_ANALYZER_NUMBER_OBJECT_CONVERSION = YES_AGGRESSIVE;
				CLANG_CXX_LANGUAGE_STANDARD = "gnu++20";
				CLANG_ENABLE_MODULES = YES;
				CLANG_ENABLE_OBJC_ARC = YES;
				CLANG_ENABLE_OBJC_WEAK = YES;
				CLANG_WARN_BLOCK_CAPTURE_AUTORELEASING = YES;
				CLANG_WARN_BOOL_CONVERSION = YES;
				CLANG_WARN_COMMA = YES;
				CLANG_WARN_CONSTANT_CONVERSION = YES;
				CLANG_WARN_DEPRECATED_OBJC_IMPLEMENTATIONS = YES;
				CLANG_WARN_DIRECT_OBJC_ISA_USAGE = YES_ERROR;
				CLANG_WARN_DOCUMENTATION_COMMENTS = YES;
				CLANG_WARN_EMPTY_BODY = YES;
				CLANG_WARN_ENUM_CONVERSION = YES;
				CLANG_WARN_INFINITE_RECURSION = YES;
				CLANG_WARN_INT_CONVERSION = YES;
				CLANG_WARN_NON_LITERAL_NULL_CONVERSION = YES;
				CLANG_WARN_OBJC_IMPLICIT_RETAIN_SELF = YES;
				CLANG_WARN_OBJC_LITERAL_CONVERSION = YES;
				CLANG_WARN_OBJC_ROOT_CLASS = YES_ERROR;
				CLANG_WARN_QUOTED_INCLUDE_IN_FRAMEWORK_HEADER = YES;
				CLANG_WARN_RANGE_LOOP_ANALYSIS = YES;
				CLANG_WARN_STRICT_PROTOTYPES = YES;
				CLANG_WARN_SUSPICIOUS_MOVE = YES;
				CLANG_WARN_UNGUARDED_AVAILABILITY = YES_AGGRESSIVE;
				CLANG_WARN_UNREACHABLE_CODE = YES;
				CLANG_WARN__DUPLICATE_METHOD_MATCH = YES;
				COPY_PHASE_STRIP = NO;
				DEBUG_INFORMATION_FORMAT = dwarf;
				ENABLE_STRICT_OBJC_MSGSEND = YES;
				ENABLE_TESTABILITY = YES;
				ENABLE_USER_SCRIPT_SANDBOXING = YES;
				GCC_C_LANGUAGE_STANDARD = gnu17;
				GCC_DYNAMIC_NO_PIC = NO;
				GCC_NO_COMMON_BLOCKS = YES;
				GCC_OPTIMIZATION_LEVEL = 0;
				GCC_PREPROCESSOR_DEFINITIONS = (
					"DEBUG=1",
					"$(inherited)",
				);
				GCC_WARN_64_TO_32_BIT_CONVERSION = YES;
				GCC_WARN_ABOUT_RETURN_TYPE = YES_ERROR;
				GCC_WARN_UNDECLARED_SELECTOR = YES;
				GCC_WARN_UNINITIALIZED_AUTOS = YES_AGGRESSIVE;
				GCC_WARN_UNUSED_FUNCTION = YES;
				GCC_WARN_UNUSED_VARIABLE = YES;
				IPHONEOS_DEPLOYMENT_TARGET = 17.2;
				LOCALIZATION_PREFERS_STRING_CATALOGS = YES;
				MTL_ENABLE_DEBUG_INFO = INCLUDE_SOURCE;
				MTL_FAST_MATH = YES;
				ONLY_ACTIVE_ARCH = YES;
				SDKROOT = iphoneos;
				SWIFT_ACTIVE_COMPILATION_CONDITIONS = "DEBUG $(inherited)";
				SWIFT_OPTIMIZATION_LEVEL = "-Onone";
			};
			name = Debug;
		};
		093AA6A12FE87C9A00F9DF60 /* Release */ = {
			isa = XCBuildConfiguration;
			buildSettings = {
				ALWAYS_SEARCH_USER_PATHS = NO;
				ASSETCATALOG_COMPILER_GENERATE_SWIFT_ASSET_SYMBOL_EXTENSIONS = YES;
				CLANG_ANALYZER_NONNULL = YES;
				CLANG_ANALYZER_NUMBER_OBJECT_CONVERSION = YES_AGGRESSIVE;
				CLANG_CXX_LANGUAGE_STANDARD = "gnu++20";
				CLANG_ENABLE_MODULES = YES;
				CLANG_ENABLE_OBJC_ARC = YES;
				CLANG_ENABLE_OBJC_WEAK = YES;
				CLANG_WARN_BLOCK_CAPTURE_AUTORELEASING = YES;
				CLANG_WARN_BOOL_CONVERSION = YES;
				CLANG_WARN_COMMA = YES;
				CLANG_WARN_CONSTANT_CONVERSION = YES;
				CLANG_WARN_DEPRECATED_OBJC_IMPLEMENTATIONS = YES;
				CLANG_WARN_DIRECT_OBJC_ISA_USAGE = YES_ERROR;
				CLANG_WARN_DOCUMENTATION_COMMENTS = YES;
				CLANG_WARN_EMPTY_BODY = YES;
				CLANG_WARN_ENUM_CONVERSION = YES;
				CLANG_WARN_INFINITE_RECURSION = YES;
				CLANG_WARN_INT_CONVERSION = YES;
				CLANG_WARN_NON_LITERAL_NULL_CONVERSION = YES;
				CLANG_WARN_OBJC_IMPLICIT_RETAIN_SELF = YES;
				CLANG_WARN_OBJC_LITERAL_CONVERSION = YES;
				CLANG_WARN_OBJC_ROOT_CLASS = YES_ERROR;
				CLANG_WARN_QUOTED_INCLUDE_IN_FRAMEWORK_HEADER = YES;
				CLANG_WARN_RANGE_LOOP_ANALYSIS = YES;
				CLANG_WARN_STRICT_PROTOTYPES = YES;
				CLANG_WARN_SUSPICIOUS_MOVE = YES;
				CLANG_WARN_UNGUARDED_AVAILABILITY = YES_AGGRESSIVE;
				CLANG_WARN_UNREACHABLE_CODE = YES;
				CLANG_WARN__DUPLICATE_METHOD_MATCH = YES;
				COPY_PHASE_STRIP = NO;
				DEBUG_INFORMATION_FORMAT = "dwarf-with-dsym";
				ENABLE_NS_ASSERTIONS = NO;
				ENABLE_STRICT_OBJC_MSGSEND = YES;
				ENABLE_USER_SCRIPT_SANDBOXING = YES;
				GCC_C_LANGUAGE_STANDARD = gnu17;
				GCC_NO_COMMON_BLOCKS = YES;
				GCC_WARN_64_TO_32_BIT_CONVERSION = YES;
				GCC_WARN_ABOUT_RETURN_TYPE = YES_ERROR;
				GCC_WARN_UNDECLARED_SELECTOR = YES;
				GCC_WARN_UNINITIALIZED_AUTOS = YES_AGGRESSIVE;
				GCC_WARN_UNUSED_FUNCTION = YES;
				GCC_WARN_UNUSED_VARIABLE = YES;
				IPHONEOS_DEPLOYMENT_TARGET = 17.2;
				LOCALIZATION_PREFERS_STRING_CATALOGS = YES;
				MTL_ENABLE_DEBUG_INFO = NO;
				MTL_FAST_MATH = YES;
				SDKROOT = iphoneos;
				SWIFT_COMPILATION_MODE = wholemodule;
				VALIDATE_PRODUCT = YES;
			};
			name = Release;
		};
		093AA6A32FE87C9A00F9DF60 /* Debug */ = {
			isa = XCBuildConfiguration;
			buildSettings = {
				ASSETCATALOG_COMPILER_APPICON_NAME = AppIcon;
				ASSETCATALOG_COMPILER_GLOBAL_ACCENT_COLOR_NAME = AccentColor;
				CODE_SIGN_STYLE = Automatic;
				CURRENT_PROJECT_VERSION = 1;
				DEVELOPMENT_ASSET_PATHS = "\"Skyteller/Preview Content\"";
				ENABLE_PREVIEWS = YES;
				GENERATE_INFOPLIST_FILE = YES;
				INFOPLIST_KEY_UIApplicationSceneManifest_Generation = YES;
				INFOPLIST_KEY_UIApplicationSupportsIndirectInputEvents = YES;
				INFOPLIST_KEY_UILaunchScreen_Generation = YES;
				INFOPLIST_KEY_UISupportedInterfaceOrientations_iPad = "UIInterfaceOrientationPortrait UIInterfaceOrientationPortraitUpsideDown UIInterfaceOrientationLandscapeLeft UIInterfaceOrientationLandscapeRight";
				INFOPLIST_KEY_UISupportedInterfaceOrientations_iPhone = "UIInterfaceOrientationPortrait UIInterfaceOrientationLandscapeLeft UIInterfaceOrientationLandscapeRight";
				LD_RUNPATH_SEARCH_PATHS = (
					"$(inherited)",
					"@executable_path/Frameworks",
				);
				MARKETING_VERSION = 1.0;
				PRODUCT_BUNDLE_IDENTIFIER = ITI.Skyteller;
				PRODUCT_NAME = "$(TARGET_NAME)";
				SWIFT_EMIT_LOC_STRINGS = YES;
				SWIFT_VERSION = 5.0;
				TARGETED_DEVICE_FAMILY = "1,2";
			};
			name = Debug;
		};
		093AA6A42FE87C9A00F9DF60 /* Release */ = {
			isa = XCBuildConfiguration;
			buildSettings = {
				ASSETCATALOG_COMPILER_APPICON_NAME = AppIcon;
				ASSETCATALOG_COMPILER_GLOBAL_ACCENT_COLOR_NAME = AccentColor;
				CODE_SIGN_STYLE = Automatic;
				CURRENT_PROJECT_VERSION = 1;
				DEVELOPMENT_ASSET_PATHS = "\"Skyteller/Preview Content\"";
				ENABLE_PREVIEWS = YES;
				GENERATE_INFOPLIST_FILE = YES;
				INFOPLIST_KEY_UIApplicationSceneManifest_Generation = YES;
				INFOPLIST_KEY_UIApplicationSupportsIndirectInputEvents = YES;
				INFOPLIST_KEY_UILaunchScreen_Generation = YES;
				INFOPLIST_KEY_UISupportedInterfaceOrientations_iPad = "UIInterfaceOrientationPortrait UIInterfaceOrientationPortraitUpsideDown UIInterfaceOrientationLandscapeLeft UIInterfaceOrientationLandscapeRight";
				INFOPLIST_KEY_UISupportedInterfaceOrientations_iPhone = "UIInterfaceOrientationPortrait UIInterfaceOrientationLandscapeLeft UIInterfaceOrientationLandscapeRight";
				LD_RUNPATH_SEARCH_PATHS = (
					"$(inherited)",
					"@executable_path/Frameworks",
				);
				MARKETING_VERSION = 1.0;
				PRODUCT_BUNDLE_IDENTIFIER = ITI.Skyteller;
				PRODUCT_NAME = "$(TARGET_NAME)";
				SWIFT_EMIT_LOC_STRINGS = YES;
				SWIFT_VERSION = 5.0;
				TARGETED_DEVICE_FAMILY = "1,2";
			};
			name = Release;
		};
/* End XCBuildConfiguration section */

/* Begin XCConfigurationList section */
		093AA68A2FE87C9800F9DF60 /* Build configuration list for PBXProject "Skyteller" */ = {
			isa = XCConfigurationList;
			buildConfigurations = (
				093AA6A02FE87C9A00F9DF60 /* Debug */,
				093AA6A12FE87C9A00F9DF60 /* Release */,
			);
			defaultConfigurationIsVisible = 0;
			defaultConfigurationName = Release;
		};
		093AA6A22FE87C9A00F9DF60 /* Build configuration list for PBXNativeTarget "Skyteller" */ = {
			isa = XCConfigurationList;
			buildConfigurations = (
				093AA6A32FE87C9A00F9DF60 /* Debug */,
				093AA6A42FE87C9A00F9DF60 /* Release */,
			);
			defaultConfigurationIsVisible = 0;
			defaultConfigurationName = Release;
		};
/* End XCConfigurationList section */

/* Begin XCVersionGroup section */
		093AA69D2FE87C9A00F9DF60 /* Skyteller.xcdatamodeld */ = {
			isa = XCVersionGroup;
			children = (
				093AA69E2FE87C9A00F9DF60 /* Skyteller.xcdatamodel */,
			);
			currentVersion = 093AA69E2FE87C9A00F9DF60 /* Skyteller.xcdatamodel */;
			path = Skyteller.xcdatamodeld;
			sourceTree = "<group>";
			versionGroupType = wrapper.xcdatamodel;
		};
/* End XCVersionGroup section */
	};
	rootObject = 093AA6872FE87C9800F9DF60 /* Project object */;
}
